
Microsoft Visual Studio Solution File, Format Version 12.00
# Visual Studio Version 16
VisualStudioVersion = 16.0.32413.511
MinimumVisualStudioVersion = 10.0.40219.1
Project("{FAE04EC0-301F-11D3-BF4B-00C04F79EFBC}") = "u21570869_HW06", "u21570869_HW06\u21570869_HW06.csproj", "{0E5B4253-5602-4240-ABFA-FC9B0656181B}"
EndProject
Global
	GlobalSection(SolutionConfigurationPlatforms) = preSolution
		Debug|Any CPU = Debug|Any CPU
		Release|Any CPU = Release|Any CPU
	EndGlobalSection
	GlobalSection(ProjectConfigurationPlatforms) = postSolution
		{0E5B4253-5602-4240-ABFA-FC9B0656181B}.Debug|Any CPU.ActiveCfg = Debug|Any CPU
		{0E5B4253-5602-4240-ABFA-FC9B0656181B}.Debug|Any CPU.Build.0 = Debug|Any CPU
		{0E5B4253-5602-4240-ABFA-FC9B0656181B}.Release|Any CPU.ActiveCfg = Release|Any CPU
		{0E5B4253-5602-4240-ABFA-FC9B0656181B}.Release|Any CPU.Build.0 = Release|Any CPU
	EndGlobalSection
	GlobalSection(SolutionProperties) = preSolution
		HideSolutionNode = FALSE
	EndGlobalSection
	GlobalSection(ExtensibilityGlobals) = postSolution
		SolutionGuid = {B20FDECE-C2E8-4501-80CC-63C515169E7E}
	EndGlobalSection
EndGlobal
